// !$*UTF8*$!
{
	archiveVersion = 1;
	classes = {
	};
	objectVersion = 55;
	objects = {

/* Begin PBXBuildFile section */
		696245EB276594F300E58367 /* AppDelegate.swift in Sources */ = {isa = PBXBuildFile; fileRef = 696245EA276594F300E58367 /* AppDelegate.swift */; };
		696245ED276594F300E58367 /* SceneDelegate.swift in Sources */ = {isa = PBXBuildFile; fileRef = 696245EC276594F300E58367 /* SceneDelegate.swift */; };
		696245EF276594F300E58367 /* ViewController.swift in Sources */ = {isa = PBXBuildFile; fileRef = 696245EE276594F300E58367 /* ViewController.swift */; };
		696245F2276594F300E58367 /* Main.storyboard in Resources */ = {isa = PBXBuildFile; fileRef = 696245F0276594F300E58367 /* Main.storyboard */; };
		696245F4276594FD00E58367 /* Assets.xcassets in Resources */ = {isa = PBXBuildFile; fileRef = 696245F3276594FD00E58367 /* Assets.xcassets */; };
		696245F7276594FD00E58367 /* LaunchScreen.storyboard in Resources */ = {isa = PBXBuildFile; fileRef = 696245F5276594FD00E58367 /* LaunchScreen.storyboard */; };
		696245FF2765B22200E58367 /* SelfViewController.swift in Sources */ = {isa = PBXBuildFile; fileRef = 696245FE2765B22200E58367 /* SelfViewController.swift */; };
		696246012765B3C100E58367 /* AvoidViewController.swift in Sources */ = {isa = PBXBuildFile; fileRef = 696246002765B3C100E58367 /* AvoidViewController.swift */; };
		D1CADD625398171559C2683F /* Pods_Covid19CA.framework in Frameworks */ = {isa = PBXBuildFile; fileRef = 12D572D2F06FAE9C9BF29925 /* Pods_Covid19CA.framework */; };
/* End PBXBuildFile section */

/* Begin PBXFileReference section */
		12D572D2F06FAE9C9BF29925 /* Pods_Covid19CA.framework */ = {isa = PBXFileReference; explicitFileType = wrapper.framework; includeInIndex = 0; path = Pods_Covid19CA.framework; sourceTree = BUILT_PRODUCTS_DIR; };
		696245E7276594F300E58367 /* Covid19CA.app */ = {isa = PBXFileReference; explicitFileType = wrapper.application; includeInIndex = 0; path = Covid19CA.app; sourceTree = BUILT_PRODUCTS_DIR; };
		696245EA276594F300E58367 /* AppDelegate.swift */ = {isa = PBXFileReference; lastKnownFileType = sourcecode.swift; path = AppDelegate.swift; sourceTree = "<group>"; };
		696245EC276594F300E58367 /* SceneDelegate.swift */ = {isa = PBXFileReference; lastKnownFileType = sourcecode.swift; path = SceneDelegate.swift; sourceTree = "<group>"; };
		696245EE276594F300E58367 /* ViewController.swift */ = {isa = PBXFileReference; lastKnownFileType = sourcecode.swift; path = ViewController.swift; sourceTree = "<group>"; };
		696245F1276594F300E58367 /* Base */ = {isa = PBXFileReference; lastKnownFileType = file.storyboard; name = Base; path = Base.lproj/Main.storyboard; sourceTree = "<group>"; };
		696245F3276594FD00E58367 /* Assets.xcassets */ = {isa = PBXFileReference; lastKnownFileType = folder.assetcatalog; path = Assets.xcassets; sourceTree = "<group>"; };
		696245F6276594FD00E58367 /* Base */ = {isa = PBXFileReference; lastKnownFileType = file.storyboard; name = Base; path = Base.lproj/LaunchScreen.storyboard; sourceTree = "<group>"; };
		696245F8276594FD00E58367 /* Info.plist */ = {isa = PBXFileReference; lastKnownFileType = text.plist.xml; path = Info.plist; sourceTree = "<group>"; };
		696245FE2765B22200E58367 /* SelfViewController.swift */ = {isa = PBXFileReference; lastKnownFileType = sourcecode.swift; path = SelfViewController.swift; sourceTree = "<group>"; };
		696246002765B3C100E58367 /* AvoidViewController.swift */ = {isa = PBXFileReference; lastKnownFileType = sourcecode.swift; path = AvoidViewController.swift; sourceTree = "<group>"; };
		A5A746BB95C0E02A1F7C8FAE /* Pods-Covid19CA.release.xcconfig */ = {isa = PBXFileReference; includeInIndex = 1; lastKnownFileType = text.xcconfig; name = "Pods-Covid19CA.release.xcconfig"; path = "Target Support Files/Pods-Covid19CA/Pods-Covid19CA.release.xcconfig"; sourceTree = "<group>"; };
		CC06D41CB19BC81F212ADF6E /* Pods-Covid19CA.debug.xcconfig */ = {isa = PBXFileReference; includeInIndex = 1; lastKnownFileType = text.xcconfig; name = "Pods-Covid19CA.debug.xcconfig"; path = "Target Support Files/Pods-Covid19CA/Pods-Covid19CA.debug.xcconfig"; sourceTree = "<group>"; };
/* End PBXFileReference section */

/* Begin PBXFrameworksBuildPhase section */
		696245E4276594F300E58367 /* Frameworks */ = {
			isa = PBXFrameworksBuildPhase;
			buildActionMask = 2147483647;
			files = (
				D1CADD625398171559C2683F /* Pods_Covid19CA.framework in Frameworks */,
			);
			runOnlyForDeploymentPostprocessing = 0;
		};
/* End PBXFrameworksBuildPhase section */

/* Begin PBXGroup section */
		696245DE276594F300E58367 = {
			isa = PBXGroup;
			children = (
				696245E9276594F300E58367 /* Covid19CA */,
				696245E8276594F300E58367 /* Products */,
				70AE8650E6A877A249702699 /* Pods */,
				E1EEBDE0E3608C773072A435 /* Frameworks */,
			);
			sourceTree = "<group>";
		};
		696245E8276594F300E58367 /* Products */ = {
			isa = PBXGroup;
			children = (
				696245E7276594F300E58367 /* Covid19CA.app */,
			);
			name = Products;
			sourceTree = "<group>";
		};
		696245E9276594F300E58367 /* Covid19CA */ = {
			isa = PBXGroup;
			children = (
				696245EA276594F300E58367 /* AppDelegate.swift */,
				696245EC276594F300E58367 /* SceneDelegate.swift */,
				696245EE276594F300E58367 /* ViewController.swift */,
				696245F0276594F300E58367 /* Main.storyboard */,
				696246002765B3C100E58367 /* AvoidViewController.swift */,
				696245FE2765B22200E58367 /* SelfViewController.swift */,
				696245F3276594FD00E58367 /* Assets.xcassets */,
				696245F5276594FD00E58367 /* LaunchScreen.storyboard */,
				696245F8276594FD00E58367 /* Info.plist */,
			);
			path = Covid19CA;
			sourceTree = "<group>";
		};
		70AE8650E6A877A249702699 /* Pods */ = {
			isa = PBXGroup;
			children = (
				CC06D41CB19BC81F212ADF6E /* Pods-Covid19CA.debug.xcconfig */,
				A5A746BB95C0E02A1F7C8FAE /* Pods-Covid19CA.release.xcconfig */,
			);
			path = Pods;
			sourceTree = "<group>";
		};
		E1EEBDE0E3608C773072A435 /* Frameworks */ = {
			isa = PBXGroup;
			children = (
				12D572D2F06FAE9C9BF29925 /* Pods_Covid19CA.framework */,
			);
			name = Frameworks;
			sourceTree = "<group>";
		};
/* End PBXGroup section */

/* Begin PBXNativeTarget section */
		696245E6276594F300E58367 /* Covid19CA */ = {
			isa = PBXNativeTarget;
			buildConfigurationList = 696245FB276594FD00E58367 /* Build configuration list for PBXNativeTarget "Covid19CA" */;
			buildPhases = (
				F8C27353F601BE72B2EB662C /* [CP] Check Pods Manifest.lock */,
				696245E3276594F300E58367 /* Sources */,
				696245E4276594F300E58367 /* Frameworks */,
				696245E5276594F300E58367 /* Resources */,
				7C7F967F17D416670DC3AEFB /* [CP] Embed Pods Frameworks */,
			);
			buildRules = (
			);
			dependencies = (
			);
			name = Covid19CA;
			productName = Covid19CA;
			productReference = 696245E7276594F300E58367 /* Covid19CA.app */;
			productType = "com.apple.product-type.application";
		};
/* End PBXNativeTarget section */

/* Begin PBXProject section */
		696245DF276594F300E58367 /* Project object */ = {
			isa = PBXProject;
			attributes = {
				BuildIndependentTargetsInParallel = 1;
				LastSwiftUpdateCheck = 1300;
				LastUpgradeCheck = 1300;
				TargetAttributes = {
					696245E6276594F300E58367 = {
						CreatedOnToolsVersion = 13.0;
					};
				};
			};
			buildConfigurationList = 696245E2276594F300E58367 /* Build configuration list for PBXProject "Covid19CA" */;
			compatibilityVersion = "Xcode 13.0";
			developmentRegion = en;
			hasScannedForEncodings = 0;
			knownRegions = (
				en,
				Base,
			);
			mainGroup = 696245DE276594F300E58367;
			productRefGroup = 696245E8276594F300E58367 /* Products */;
			projectDirPath = "";
			projectRoot = "";
			targets = (
				696245E6276594F300E58367 /* Covid19CA */,
			);
		};
/* End PBXProject section */

/* Begin PBXResourcesBuildPhase section */
		696245E5276594F300E58367 /* Resources */ = {
			isa = PBXResourcesBuildPhase;
			buildActionMask = 2147483647;
			files = (
				696245F7276594FD00E58367 /* LaunchScreen.storyboard in Resources */,
				696245F4276594FD00E58367 /* Assets.xcassets in Resources */,
				696245F2276594F300E58367 /* Main.storyboard in Resources */,
			);
			runOnlyForDeploymentPostprocessing = 0;
		};
/* End PBXResourcesBuildPhase section */

/* Begin PBXShellScriptBuildPhase section */
		7C7F967F17D416670DC3AEFB /* [CP] Embed Pods Frameworks */ = {
			isa = PBXShellScriptBuildPhase;
			buildActionMask = 2147483647;
			files = (
			);
			inputFileListPaths = (
				"${PODS_ROOT}/Target Support Files/Pods-Covid19CA/Pods-Covid19CA-frameworks-${CONFIGURATION}-input-files.xcfilelist",
			);
			name = "[CP] Embed Pods Frameworks";
			outputFileListPaths = (
				"${PODS_ROOT}/Target Support Files/Pods-Covid19CA/Pods-Covid19CA-frameworks-${CONFIGURATION}-output-files.xcfilelist",
			);
			runOnlyForDeploymentPostprocessing = 0;
			shellPath = /bin/sh;
			shellScript = "\"${PODS_ROOT}/Target Support Files/Pods-Covid19CA/Pods-Covid19CA-frameworks.sh\"\n";
			showEnvVarsInLog = 0;
		};
		F8C27353F601BE72B2EB662C /* [CP] Check Pods Manifest.lock */ = {
			isa = PBXShellScriptBuildPhase;
			buildActionMask = 2147483647;
			files = (
			);
			inputFileListPaths = (
			);
			inputPaths = (
				"${PODS_PODFILE_DIR_PATH}/Podfile.lock",
				"${PODS_ROOT}/Manifest.lock",
			);
			name = "[CP] Check Pods Manifest.lock";
			outputFileListPaths = (
			);
			outputPaths = (
				"$(DERIVED_FILE_DIR)/Pods-Covid19CA-checkManifestLockResult.txt",
			);
			runOnlyForDeploymentPostprocessing = 0;
			shellPath = /bin/sh;
			shellScript = "diff \"${PODS_PODFILE_DIR_PATH}/Podfile.lock\" \"${PODS_ROOT}/Manifest.lock\" > /dev/null\nif [ $? != 0 ] ; then\n    # print error to STDERR\n    echo \"error: The sandbox is not in sync with the Podfile.lock. Run 'pod install' or update your CocoaPods installation.\" >&2\n    exit 1\nfi\n# This output is used by Xcode 'outputs' to avoid re-running this script phase.\necho \"SUCCESS\" > \"${SCRIPT_OUTPUT_FILE_0}\"\n";
			showEnvVarsInLog = 0;
		};
/* End PBXShellScriptBuildPhase section */

/* Begin PBXSourcesBuildPhase section */
		696245E3276594F300E58367 /* Sources */ = {
			isa = PBXSourcesBuildPhase;
			buildActionMask = 2147483647;
			files = (
				696245FF2765B22200E58367 /* SelfViewController.swift in Sources */,
				696245EF276594F300E58367 /* ViewController.swift in Sources */,
				696245EB276594F300E58367 /* AppDelegate.swift in Sources */,
				696246012765B3C100E58367 /* AvoidViewController.swift in Sources */,
				696245ED276594F300E58367 /* SceneDelegate.swift in Sources */,
			);
			runOnlyForDeploymentPostprocessing = 0;
		};
/* End PBXSourcesBuildPhase section */

/* Begin PBXVariantGroup section */
		696245F0276594F300E58367 /* Main.storyboard */ = {
			isa = PBXVariantGroup;
			children = (
				696245F1276594F300E58367 /* Base */,
			);
			name = Main.storyboard;
			sourceTree = "<group>";
		};
		696245F5276594FD00E58367 /* LaunchScreen.storyboard */ = {
			isa = PBXVariantGroup;
			children = (
				696245F6276594FD00E58367 /* Base */,
			);
			name = LaunchScreen.storyboard;
			sourceTree = "<group>";
		};
/* End PBXVariantGroup section */

/* Begin XCBuildConfiguration section */
		696245F9276594FD00E58367 /* Debug */ = {
			isa = XCBuildConfiguration;
			buildSettings = {
				ALWAYS_SEARCH_USER_PATHS = NO;
				CLANG_ANALYZER_NONNULL = YES;
				CLANG_ANALYZER_NUMBER_OBJECT_CONVERSION = YES_AGGRESSIVE;
				CLANG_CXX_LANGUAGE_STANDARD = "gnu++17";
				CLANG_CXX_LIBRARY = "libc++";
				CLANG_ENABLE_MODULES = YES;
				CLANG_ENABLE_OBJC_ARC = YES;
				CLANG_ENABLE_OBJC_WEAK = YES;
				CLANG_WARN_BLOCK_CAPTURE_AUTORELEASING = YES;
				CLANG_WARN_BOOL_CONVERSION = YES;
				CLANG_WARN_COMMA = YES;
				CLANG_WARN_CONSTANT_CONVERSION = YES;
				CLANG_WARN_DEPRECATED_OBJC_IMPLEMENTATIONS = YES;
				CLANG_WARN_DIRECT_OBJC_ISA_USAGE = YES_ERROR;
				CLANG_WARN_DOCUMENTATION_COMMENTS = YES;
				CLANG_WARN_EMPTY_BODY = YES;
				CLANG_WARN_ENUM_CONVERSION = YES;
				CLANG_WARN_INFINITE_RECURSION = YES;
				CLANG_WARN_INT_CONVERSION = YES;
				CLANG_WARN_NON_LITERAL_NULL_CONVERSION = YES;
				CLANG_WARN_OBJC_IMPLICIT_RETAIN_SELF = YES;
				CLANG_WARN_OBJC_LITERAL_CONVERSION = YES;
				CLANG_WARN_OBJC_ROOT_CLASS = YES_ERROR;
				CLANG_WARN_QUOTED_INCLUDE_IN_FRAMEWORK_HEADER = YES;
				CLANG_WARN_RANGE_LOOP_ANALYSIS = YES;
				CLANG_WARN_STRICT_PROTOTYPES = YES;
				CLANG_WARN_SUSPICIOUS_MOVE = YES;
				CLANG_WARN_UNGUARDED_AVAILABILITY = YES_AGGRESSIVE;
				CLANG_WARN_UNREACHABLE_CODE = YES;
				CLANG_WARN__DUPLICATE_METHOD_MATCH = YES;
				COPY_PHASE_STRIP = NO;
				DEBUG_INFORMATION_FORMAT = dwarf;
				ENABLE_STRICT_OBJC_MSGSEND = YES;
				ENABLE_TESTABILITY = YES;
				GCC_C_LANGUAGE_STANDARD = gnu11;
				GCC_DYNAMIC_NO_PIC = NO;
				GCC_NO_COMMON_BLOCKS = YES;
				GCC_OPTIMIZATION_LEVEL = 0;
				GCC_PREPROCESSOR_DEFINITIONS = (
					"DEBUG=1",
					"$(inherited)",
				);
				GCC_WARN_64_TO_32_BIT_CONVERSION = YES;
				GCC_WARN_ABOUT_RETURN_TYPE = YES_ERROR;
				GCC_WARN_UNDECLARED_SELECTOR = YES;
				GCC_WARN_UNINITIALIZED_AUTOS = YES_AGGRESSIVE;
				GCC_WARN_UNUSED_FUNCTION = YES;
				GCC_WARN_UNUSED_VARIABLE = YES;
				IPHONEOS_DEPLOYMENT_TARGET = 15.0;
				MTL_ENABLE_DEBUG_INFO = INCLUDE_SOURCE;
				MTL_FAST_MATH = YES;
				ONLY_ACTIVE_ARCH = YES;
				SDKROOT = iphoneos;
				SWIFT_ACTIVE_COMPILATION_CONDITIONS = DEBUG;
				SWIFT_OPTIMIZATION_LEVEL = "-Onone";
			};
			name = Debug;
		};
		696245FA276594FD00E58367 /* Release */ = {
			isa = XCBuildConfiguration;
			buildSettings = {
				ALWAYS_SEARCH_USER_PATHS = NO;
				CLANG_ANALYZER_NONNULL = YES;
				CLANG_ANALYZER_NUMBER_OBJECT_CONVERSION = YES_AGGRESSIVE;
				CLANG_CXX_LANGUAGE_STANDARD = "gnu++17";
				CLANG_CXX_LIBRARY = "libc++";
				CLANG_ENABLE_MODULES = YES;
				CLANG_ENABLE_OBJC_ARC = YES;
				CLANG_ENABLE_OBJC_WEAK = YES;
				CLANG_WARN_BLOCK_CAPTURE_AUTORELEASING = YES;
				CLANG_WARN_BOOL_CONVERSION = YES;
				CLANG_WARN_COMMA = YES;
				CLANG_WARN_CONSTANT_CONVERSION = YES;
				CLANG_WARN_DEPRECATED_OBJC_IMPLEMENTATIONS = YES;
				CLANG_WARN_DIRECT_OBJC_ISA_USAGE = YES_ERROR;
				CLANG_WARN_DOCUMENTATION_COMMENTS = YES;
				CLANG_WARN_EMPTY_BODY = YES;
				CLANG_WARN_ENUM_CONVERSION = YES;
				CLANG_WARN_INFINITE_RECURSION = YES;
				CLANG_WARN_INT_CONVERSION = YES;
				CLANG_WARN_NON_LITERAL_NULL_CONVERSION = YES;
				CLANG_WARN_OBJC_IMPLICIT_RETAIN_SELF = YES;
				CLANG_WARN_OBJC_LITERAL_CONVERSION = YES;
				CLANG_WARN_OBJC_ROOT_CLASS = YES_ERROR;
				CLANG_WARN_QUOTED_INCLUDE_IN_FRAMEWORK_HEADER = YES;
				CLANG_WARN_RANGE_LOOP_ANALYSIS = YES;
				CLANG_WARN_STRICT_PROTOTYPES = YES;
				CLANG_WARN_SUSPICIOUS_MOVE = YES;
				CLANG_WARN_UNGUARDED_AVAILABILITY = YES_AGGRESSIVE;
				CLANG_WARN_UNREACHABLE_CODE = YES;
				CLANG_WARN__DUPLICATE_METHOD_MATCH = YES;
				COPY_PHASE_STRIP = NO;
				DEBUG_INFORMATION_FORMAT = "dwarf-with-dsym";
				ENABLE_NS_ASSERTIONS = NO;
				ENABLE_STRICT_OBJC_MSGSEND = YES;
				GCC_C_LANGUAGE_STANDARD = gnu11;
				GCC_NO_COMMON_BLOCKS = YES;
				GCC_WARN_64_TO_32_BIT_CONVERSION = YES;
				GCC_WARN_ABOUT_RETURN_TYPE = YES_ERROR;
				GCC_WARN_UNDECLARED_SELECTOR = YES;
				GCC_WARN_UNINITIALIZED_AUTOS = YES_AGGRESSIVE;
				GCC_WARN_UNUSED_FUNCTION = YES;
				GCC_WARN_UNUSED_VARIABLE = YES;
				IPHONEOS_DEPLOYMENT_TARGET = 15.0;
				MTL_ENABLE_DEBUG_INFO = NO;
				MTL_FAST_MATH = YES;
				SDKROOT = iphoneos;
				SWIFT_COMPILATION_MODE = wholemodule;
				SWIFT_OPTIMIZATION_LEVEL = "-O";
				VALIDATE_PRODUCT = YES;
			};
			name = Release;
		};
		696245FC276594FD00E58367 /* Debug */ = {
			isa = XCBuildConfiguration;
			baseConfigurationReference = CC06D41CB19BC81F212ADF6E /* Pods-Covid19CA.debug.xcconfig */;
			buildSettings = {
				ASSETCATALOG_COMPILER_APPICON_NAME = AppIcon;
				ASSETCATALOG_COMPILER_GLOBAL_ACCENT_COLOR_NAME = AccentColor;
				CODE_SIGN_STYLE = Automatic;
				CURRENT_PROJECT_VERSION = 1;
				GENERATE_INFOPLIST_FILE = YES;
				INFOPLIST_FILE = Covid19CA/Info.plist;
				INFOPLIST_KEY_UIApplicationSupportsIndirectInputEvents = YES;
				INFOPLIST_KEY_UILaunchStoryboardName = LaunchScreen;
				INFOPLIST_KEY_UIMainStoryboardFile = Main;
				INFOPLIST_KEY_UISupportedInterfaceOrientations = UIInterfaceOrientationPortrait;
				INFOPLIST_KEY_UISupportedInterfaceOrientations_iPad = "UIInterfaceOrientationPortrait UIInterfaceOrientationPortraitUpsideDown UIInterfaceOrientationLandscapeLeft UIInterfaceOrientationLandscapeRight";
				INFOPLIST_KEY_UISupportedInterfaceOrientations_iPhone = "UIInterfaceOrientationPortrait UIInterfaceOrientationLandscapeLeft UIInterfaceOrientationLandscapeRight";
				LD_RUNPATH_SEARCH_PATHS = (
					"$(inherited)",
					"@executable_path/Frameworks",
				);
				MARKETING_VERSION = 1.0;
				PRODUCT_BUNDLE_IDENTIFIER = PROG8470.Covid19CA;
				PRODUCT_NAME = "$(TARGET_NAME)";
				SWIFT_EMIT_LOC_STRINGS = YES;
				SWIFT_VERSION = 5.0;
				TARGETED_DEVICE_FAMILY = "1,2";
			};
			name = Debug;
		};
		696245FD276594FD00E58367 /* Release */ = {
			isa = XCBuildConfiguration;
			baseConfigurationReference = A5A746BB95C0E02A1F7C8FAE /* Pods-Covid19CA.release.xcconfig */;
			buildSettings = {
				ASSETCATALOG_COMPILER_APPICON_NAME = AppIcon;
				ASSETCATALOG_COMPILER_GLOBAL_ACCENT_COLOR_NAME = AccentColor;
				CODE_SIGN_STYLE = Automatic;
				CURRENT_PROJECT_VERSION = 1;
				GENERATE_INFOPLIST_FILE = YES;
				INFOPLIST_FILE = Covid19CA/Info.plist;
				INFOPLIST_KEY_UIApplicationSupportsIndirectInputEvents = YES;
				INFOPLIST_KEY_UILaunchStoryboardName = LaunchScreen;
				INFOPLIST_KEY_UIMainStoryboardFile = Main;
				INFOPLIST_KEY_UISupportedInterfaceOrientations = UIInterfaceOrientationPortrait;
				INFOPLIST_KEY_UISupportedInterfaceOrientations_iPad = "UIInterfaceOrientationPortrait UIInterfaceOrientationPortraitUpsideDown UIInterfaceOrientationLandscapeLeft UIInterfaceOrientationLandscapeRight";
				INFOPLIST_KEY_UISupportedInterfaceOrientations_iPhone = "UIInterfaceOrientationPortrait UIInterfaceOrientationLandscapeLeft UIInterfaceOrientationLandscapeRight";
				LD_RUNPATH_SEARCH_PATHS = (
					"$(inherited)",
					"@executable_path/Frameworks",
				);
				MARKETING_VERSION = 1.0;
				PRODUCT_BUNDLE_IDENTIFIER = PROG8470.Covid19CA;
				PRODUCT_NAME = "$(TARGET_NAME)";
				SWIFT_EMIT_LOC_STRINGS = YES;
				SWIFT_VERSION = 5.0;
				TARGETED_DEVICE_FAMILY = "1,2";
			};
			name = Release;
		};
/* End XCBuildConfiguration section */

/* Begin XCConfigurationList section */
		696245E2276594F300E58367 /* Build configuration list for PBXProject "Covid19CA" */ = {
			isa = XCConfigurationList;
			buildConfigurations = (
				696245F9276594FD00E58367 /* Debug */,
				696245FA276594FD00E58367 /* Release */,
			);
			defaultConfigurationIsVisible = 0;
			defaultConfigurationName = Release;
		};
		696245FB276594FD00E58367 /* Build configuration list for PBXNativeTarget "Covid19CA" */ = {
			isa = XCConfigurationList;
			buildConfigurations = (
				696245FC276594FD00E58367 /* Debug */,
				696245FD276594FD00E58367 /* Release */,
			);
			defaultConfigurationIsVisible = 0;
			defaultConfigurationName = Release;
		};
/* End XCConfigurationList section */
	};
	rootObject = 696245DF276594F300E58367 /* Project object */;
}
